// !$*UTF8*$!
{
	archiveVersion = 1;
	classes = {
	};
	objectVersion = 50;
	objects = {

/* Begin PBXBuildFile section */
		13E87A1710CAED774C85737E /* Pods_Shoferaga.framework in Frameworks */ = {isa = PBXBuildFile; fileRef = C4A2281EC5B40064B9CB1BE2 /* Pods_Shoferaga.framework */; };
		C4AAA8EF1BFE051220F57A6C /* Pods_ShoferagaTests.framework in Frameworks */ = {isa = PBXBuildFile; fileRef = 674D810BC0F2076371EE125A /* Pods_ShoferagaTests.framework */; };
		F80A003B20ACD81000231F2B /* MainLogInButtonsView.swift in Sources */ = {isa = PBXBuildFile; fileRef = F80A003A20ACD81000231F2B /* MainLogInButtonsView.swift */; };
		F80A003E20ACE91200231F2B /* SHWhatTypeOfUserViewController.swift in Sources */ = {isa = PBXBuildFile; fileRef = F80A003D20ACE91200231F2B /* SHWhatTypeOfUserViewController.swift */; };
		F80A004020ACED4300231F2B /* AvatarImageView.swift in Sources */ = {isa = PBXBuildFile; fileRef = F80A003F20ACED4300231F2B /* AvatarImageView.swift */; };
		F80A004220ACF0DB00231F2B /* SHRegisterUdhetareViewController.swift in Sources */ = {isa = PBXBuildFile; fileRef = F80A004120ACF0DB00231F2B /* SHRegisterUdhetareViewController.swift */; };
		F80A004420ACF0FA00231F2B /* SHRegisterTaksistViewController.swift in Sources */ = {isa = PBXBuildFile; fileRef = F80A004320ACF0FA00231F2B /* SHRegisterTaksistViewController.swift */; };
		F811456220B0599E00F6AFCA /* SHTaksistWorkViewController.swift in Sources */ = {isa = PBXBuildFile; fileRef = F811456120B0599E00F6AFCA /* SHTaksistWorkViewController.swift */; };
		F811456420B063B300F6AFCA /* UdhetareSimpleList.swift in Sources */ = {isa = PBXBuildFile; fileRef = F811456320B063B300F6AFCA /* UdhetareSimpleList.swift */; };
		F811456720B0655A00F6AFCA /* UdhetareListCell.swift in Sources */ = {isa = PBXBuildFile; fileRef = F811456620B0655A00F6AFCA /* UdhetareListCell.swift */; };
		F8435AA920AF927300C51EBC /* GoogleService-Info.plist in Resources */ = {isa = PBXBuildFile; fileRef = F8435AA820AF927300C51EBC /* GoogleService-Info.plist */; };
		F89013D020B035450018BE3F /* Udhetare.swift in Sources */ = {isa = PBXBuildFile; fileRef = F89013CF20B035450018BE3F /* Udhetare.swift */; };
		F897360520ACD1E800DFD4B2 /* AppDelegate.swift in Sources */ = {isa = PBXBuildFile; fileRef = F897360420ACD1E800DFD4B2 /* AppDelegate.swift */; };
		F897360720ACD1E800DFD4B2 /* SHMainViewController.swift in Sources */ = {isa = PBXBuildFile; fileRef = F897360620ACD1E800DFD4B2 /* SHMainViewController.swift */; };
		F897360A20ACD1E800DFD4B2 /* Main.storyboard in Resources */ = {isa = PBXBuildFile; fileRef = F897360820ACD1E800DFD4B2 /* Main.storyboard */; };
		F897360C20ACD1E800DFD4B2 /* Assets.xcassets in Resources */ = {isa = PBXBuildFile; fileRef = F897360B20ACD1E800DFD4B2 /* Assets.xcassets */; };
		F897360F20ACD1E800DFD4B2 /* LaunchScreen.storyboard in Resources */ = {isa = PBXBuildFile; fileRef = F897360D20ACD1E800DFD4B2 /* LaunchScreen.storyboard */; };
		F897361A20ACD1E800DFD4B2 /* ShoferagaTests.swift in Sources */ = {isa = PBXBuildFile; fileRef = F897361920ACD1E800DFD4B2 /* ShoferagaTests.swift */; };
		F8D30ABD20ADF97E007C6B6D /* NSObject+ClassSegueName.swift in Sources */ = {isa = PBXBuildFile; fileRef = F8D30ABC20ADF97E007C6B6D /* NSObject+ClassSegueName.swift */; };
		F8E771E720AE0F320037D247 /* SHLogInViewController.swift in Sources */ = {isa = PBXBuildFile; fileRef = F8E771E620AE0F320037D247 /* SHLogInViewController.swift */; };
		F8E771E920AE0FA50037D247 /* SHUdhetareViewController.swift in Sources */ = {isa = PBXBuildFile; fileRef = F8E771E820AE0FA50037D247 /* SHUdhetareViewController.swift */; };
		F8E771EB20AE10460037D247 /* SHTaksistListViewController.swift in Sources */ = {isa = PBXBuildFile; fileRef = F8E771EA20AE10460037D247 /* SHTaksistListViewController.swift */; };
		F8E771ED20AE185B0037D247 /* SHAnnotation.swift in Sources */ = {isa = PBXBuildFile; fileRef = F8E771EC20AE185B0037D247 /* SHAnnotation.swift */; };
		F8E8684E20B1D1AF007C9182 /* Dictionary+Merge.swift in Sources */ = {isa = PBXBuildFile; fileRef = F8E8684D20B1D1AF007C9182 /* Dictionary+Merge.swift */; };
/* End PBXBuildFile section */

/* Begin PBXContainerItemProxy section */
		F897361620ACD1E800DFD4B2 /* PBXContainerItemProxy */ = {
			isa = PBXContainerItemProxy;
			containerPortal = F89735F920ACD1E700DFD4B2 /* Project object */;
			proxyType = 1;
			remoteGlobalIDString = F897360020ACD1E700DFD4B2;
			remoteInfo = Shoferaga;
		};
/* End PBXContainerItemProxy section */

/* Begin PBXFileReference section */
		2C771E0C52DB01EF1C349F6E /* Pods-ShoferagaTests.debug.xcconfig */ = {isa = PBXFileReference; includeInIndex = 1; lastKnownFileType = text.xcconfig; name = "Pods-ShoferagaTests.debug.xcconfig"; path = "Pods/Target Support Files/Pods-ShoferagaTests/Pods-ShoferagaTests.debug.xcconfig"; sourceTree = "<group>"; };
		2F6E63EA5B8445C49FF270CA /* Pods-Shoferaga.release.xcconfig */ = {isa = PBXFileReference; includeInIndex = 1; lastKnownFileType = text.xcconfig; name = "Pods-Shoferaga.release.xcconfig"; path = "Pods/Target Support Files/Pods-Shoferaga/Pods-Shoferaga.release.xcconfig"; sourceTree = "<group>"; };
		37908AC225DCA8C5C3C81180 /* Pods-Shoferaga.debug.xcconfig */ = {isa = PBXFileReference; includeInIndex = 1; lastKnownFileType = text.xcconfig; name = "Pods-Shoferaga.debug.xcconfig"; path = "Pods/Target Support Files/Pods-Shoferaga/Pods-Shoferaga.debug.xcconfig"; sourceTree = "<group>"; };
		674D810BC0F2076371EE125A /* Pods_ShoferagaTests.framework */ = {isa = PBXFileReference; explicitFileType = wrapper.framework; includeInIndex = 0; path = Pods_ShoferagaTests.framework; sourceTree = BUILT_PRODUCTS_DIR; };
		89F40F733EDA1FFF0498180A /* Pods-ShoferagaTests.release.xcconfig */ = {isa = PBXFileReference; includeInIndex = 1; lastKnownFileType = text.xcconfig; name = "Pods-ShoferagaTests.release.xcconfig"; path = "Pods/Target Support Files/Pods-ShoferagaTests/Pods-ShoferagaTests.release.xcconfig"; sourceTree = "<group>"; };
		C4A2281EC5B40064B9CB1BE2 /* Pods_Shoferaga.framework */ = {isa = PBXFileReference; explicitFileType = wrapper.framework; includeInIndex = 0; path = Pods_Shoferaga.framework; sourceTree = BUILT_PRODUCTS_DIR; };
		F80A003A20ACD81000231F2B /* MainLogInButtonsView.swift */ = {isa = PBXFileReference; lastKnownFileType = sourcecode.swift; path = MainLogInButtonsView.swift; sourceTree = "<group>"; };
		F80A003D20ACE91200231F2B /* SHWhatTypeOfUserViewController.swift */ = {isa = PBXFileReference; lastKnownFileType = sourcecode.swift; path = SHWhatTypeOfUserViewController.swift; sourceTree = "<group>"; };
		F80A003F20ACED4300231F2B /* AvatarImageView.swift */ = {isa = PBXFileReference; lastKnownFileType = sourcecode.swift; path = AvatarImageView.swift; sourceTree = "<group>"; };
		F80A004120ACF0DB00231F2B /* SHRegisterUdhetareViewController.swift */ = {isa = PBXFileReference; lastKnownFileType = sourcecode.swift; path = SHRegisterUdhetareViewController.swift; sourceTree = "<group>"; };
		F80A004320ACF0FA00231F2B /* SHRegisterTaksistViewController.swift */ = {isa = PBXFileReference; lastKnownFileType = sourcecode.swift; path = SHRegisterTaksistViewController.swift; sourceTree = "<group>"; };
		F811456120B0599E00F6AFCA /* SHTaksistWorkViewController.swift */ = {isa = PBXFileReference; lastKnownFileType = sourcecode.swift; path = SHTaksistWorkViewController.swift; sourceTree = "<group>"; };
		F811456320B063B300F6AFCA /* UdhetareSimpleList.swift */ = {isa = PBXFileReference; lastKnownFileType = sourcecode.swift; path = UdhetareSimpleList.swift; sourceTree = "<group>"; };
		F811456620B0655A00F6AFCA /* UdhetareListCell.swift */ = {isa = PBXFileReference; lastKnownFileType = sourcecode.swift; path = UdhetareListCell.swift; sourceTree = "<group>"; };
		F8435AA820AF927300C51EBC /* GoogleService-Info.plist */ = {isa = PBXFileReference; fileEncoding = 4; lastKnownFileType = text.plist.xml; path = "GoogleService-Info.plist"; sourceTree = "<group>"; };
		F89013CF20B035450018BE3F /* Udhetare.swift */ = {isa = PBXFileReference; lastKnownFileType = sourcecode.swift; path = Udhetare.swift; sourceTree = "<group>"; };
		F897360120ACD1E700DFD4B2 /* Shoferaga.app */ = {isa = PBXFileReference; explicitFileType = wrapper.application; includeInIndex = 0; path = Shoferaga.app; sourceTree = BUILT_PRODUCTS_DIR; };
		F897360420ACD1E800DFD4B2 /* AppDelegate.swift */ = {isa = PBXFileReference; lastKnownFileType = sourcecode.swift; path = AppDelegate.swift; sourceTree = "<group>"; };
		F897360620ACD1E800DFD4B2 /* SHMainViewController.swift */ = {isa = PBXFileReference; lastKnownFileType = sourcecode.swift; path = SHMainViewController.swift; sourceTree = "<group>"; };
		F897360920ACD1E800DFD4B2 /* Base */ = {isa = PBXFileReference; lastKnownFileType = file.storyboard; name = Base; path = Base.lproj/Main.storyboard; sourceTree = "<group>"; };
		F897360B20ACD1E800DFD4B2 /* Assets.xcassets */ = {isa = PBXFileReference; lastKnownFileType = folder.assetcatalog; path = Assets.xcassets; sourceTree = "<group>"; };
		F897360E20ACD1E800DFD4B2 /* Base */ = {isa = PBXFileReference; lastKnownFileType = file.storyboard; name = Base; path = Base.lproj/LaunchScreen.storyboard; sourceTree = "<group>"; };
		F897361020ACD1E800DFD4B2 /* Info.plist */ = {isa = PBXFileReference; lastKnownFileType = text.plist.xml; path = Info.plist; sourceTree = "<group>"; };
		F897361520ACD1E800DFD4B2 /* ShoferagaTests.xctest */ = {isa = PBXFileReference; explicitFileType = wrapper.cfbundle; includeInIndex = 0; path = ShoferagaTests.xctest; sourceTree = BUILT_PRODUCTS_DIR; };
		F897361920ACD1E800DFD4B2 /* ShoferagaTests.swift */ = {isa = PBXFileReference; lastKnownFileType = sourcecode.swift; path = ShoferagaTests.swift; sourceTree = "<group>"; };
		F897361B20ACD1E800DFD4B2 /* Info.plist */ = {isa = PBXFileReference; lastKnownFileType = text.plist.xml; path = Info.plist; sourceTree = "<group>"; };
		F8D30ABC20ADF97E007C6B6D /* NSObject+ClassSegueName.swift */ = {isa = PBXFileReference; fileEncoding = 4; lastKnownFileType = sourcecode.swift; path = "NSObject+ClassSegueName.swift"; sourceTree = "<group>"; };
		F8E771E620AE0F320037D247 /* SHLogInViewController.swift */ = {isa = PBXFileReference; lastKnownFileType = sourcecode.swift; path = SHLogInViewController.swift; sourceTree = "<group>"; };
		F8E771E820AE0FA50037D247 /* SHUdhetareViewController.swift */ = {isa = PBXFileReference; lastKnownFileType = sourcecode.swift; path = SHUdhetareViewController.swift; sourceTree = "<group>"; };
		F8E771EA20AE10460037D247 /* SHTaksistListViewController.swift */ = {isa = PBXFileReference; lastKnownFileType = sourcecode.swift; path = SHTaksistListViewController.swift; sourceTree = "<group>"; };
		F8E771EC20AE185B0037D247 /* SHAnnotation.swift */ = {isa = PBXFileReference; lastKnownFileType = sourcecode.swift; path = SHAnnotation.swift; sourceTree = "<group>"; };
		F8E8684D20B1D1AF007C9182 /* Dictionary+Merge.swift */ = {isa = PBXFileReference; lastKnownFileType = sourcecode.swift; path = "Dictionary+Merge.swift"; sourceTree = "<group>"; };
/* End PBXFileReference section */

/* Begin PBXFrameworksBuildPhase section */
		F89735FE20ACD1E700DFD4B2 /* Frameworks */ = {
			isa = PBXFrameworksBuildPhase;
			buildActionMask = 2147483647;
			files = (
				13E87A1710CAED774C85737E /* Pods_Shoferaga.framework in Frameworks */,
			);
			runOnlyForDeploymentPostprocessing = 0;
		};
		F897361220ACD1E800DFD4B2 /* Frameworks */ = {
			isa = PBXFrameworksBuildPhase;
			buildActionMask = 2147483647;
			files = (
				C4AAA8EF1BFE051220F57A6C /* Pods_ShoferagaTests.framework in Frameworks */,
			);
			runOnlyForDeploymentPostprocessing = 0;
		};
/* End PBXFrameworksBuildPhase section */

/* Begin PBXGroup section */
		4FC44B602A23B8221F09559B /* Frameworks */ = {
			isa = PBXGroup;
			children = (
				C4A2281EC5B40064B9CB1BE2 /* Pods_Shoferaga.framework */,
				674D810BC0F2076371EE125A /* Pods_ShoferagaTests.framework */,
			);
			name = Frameworks;
			sourceTree = "<group>";
		};
		9E9EE52DC9212D240D8EF912 /* Pods */ = {
			isa = PBXGroup;
			children = (
				37908AC225DCA8C5C3C81180 /* Pods-Shoferaga.debug.xcconfig */,
				2F6E63EA5B8445C49FF270CA /* Pods-Shoferaga.release.xcconfig */,
				2C771E0C52DB01EF1C349F6E /* Pods-ShoferagaTests.debug.xcconfig */,
				89F40F733EDA1FFF0498180A /* Pods-ShoferagaTests.release.xcconfig */,
			);
			name = Pods;
			sourceTree = "<group>";
		};
		F80A003720ACD22100231F2B /* Model */ = {
			isa = PBXGroup;
			children = (
				F8E771EC20AE185B0037D247 /* SHAnnotation.swift */,
				F89013CF20B035450018BE3F /* Udhetare.swift */,
				F811456320B063B300F6AFCA /* UdhetareSimpleList.swift */,
			);
			path = Model;
			sourceTree = "<group>";
		};
		F80A003820ACD22D00231F2B /* View */ = {
			isa = PBXGroup;
			children = (
				F80A003A20ACD81000231F2B /* MainLogInButtonsView.swift */,
				F80A003F20ACED4300231F2B /* AvatarImageView.swift */,
				F811456620B0655A00F6AFCA /* UdhetareListCell.swift */,
			);
			path = View;
			sourceTree = "<group>";
		};
		F80A003920ACD23100231F2B /* Controller */ = {
			isa = PBXGroup;
			children = (
				F897360620ACD1E800DFD4B2 /* SHMainViewController.swift */,
				F8E771E620AE0F320037D247 /* SHLogInViewController.swift */,
				F8E771E820AE0FA50037D247 /* SHUdhetareViewController.swift */,
				F8E771EA20AE10460037D247 /* SHTaksistListViewController.swift */,
				F811456120B0599E00F6AFCA /* SHTaksistWorkViewController.swift */,
				F80A003C20ACE8E200231F2B /* RegisterViewControllers */,
			);
			path = Controller;
			sourceTree = "<group>";
		};
		F80A003C20ACE8E200231F2B /* RegisterViewControllers */ = {
			isa = PBXGroup;
			children = (
				F80A003D20ACE91200231F2B /* SHWhatTypeOfUserViewController.swift */,
				F80A004120ACF0DB00231F2B /* SHRegisterUdhetareViewController.swift */,
				F80A004320ACF0FA00231F2B /* SHRegisterTaksistViewController.swift */,
			);
			path = RegisterViewControllers;
			sourceTree = "<group>";
		};
		F89735F820ACD1E700DFD4B2 = {
			isa = PBXGroup;
			children = (
				F897360320ACD1E700DFD4B2 /* Shoferaga */,
				F897361820ACD1E800DFD4B2 /* ShoferagaTests */,
				F897360220ACD1E700DFD4B2 /* Products */,
				9E9EE52DC9212D240D8EF912 /* Pods */,
				4FC44B602A23B8221F09559B /* Frameworks */,
			);
			sourceTree = "<group>";
		};
		F897360220ACD1E700DFD4B2 /* Products */ = {
			isa = PBXGroup;
			children = (
				F897360120ACD1E700DFD4B2 /* Shoferaga.app */,
				F897361520ACD1E800DFD4B2 /* ShoferagaTests.xctest */,
			);
			name = Products;
			sourceTree = "<group>";
		};
		F897360320ACD1E700DFD4B2 /* Shoferaga */ = {
			isa = PBXGroup;
			children = (
				F897360420ACD1E800DFD4B2 /* AppDelegate.swift */,
				F8D30ABB20ADF92F007C6B6D /* Extensions */,
				F80A003720ACD22100231F2B /* Model */,
				F80A003820ACD22D00231F2B /* View */,
				F80A003920ACD23100231F2B /* Controller */,
				F897360820ACD1E800DFD4B2 /* Main.storyboard */,
				F897360B20ACD1E800DFD4B2 /* Assets.xcassets */,
				F897360D20ACD1E800DFD4B2 /* LaunchScreen.storyboard */,
				F8435AA820AF927300C51EBC /* GoogleService-Info.plist */,
				F897361020ACD1E800DFD4B2 /* Info.plist */,
			);
			path = Shoferaga;
			sourceTree = "<group>";
		};
		F897361820ACD1E800DFD4B2 /* ShoferagaTests */ = {
			isa = PBXGroup;
			children = (
				F897361920ACD1E800DFD4B2 /* ShoferagaTests.swift */,
				F897361B20ACD1E800DFD4B2 /* Info.plist */,
			);
			path = ShoferagaTests;
			sourceTree = "<group>";
		};
		F8D30ABB20ADF92F007C6B6D /* Extensions */ = {
			isa = PBXGroup;
			children = (
				F8D30ABC20ADF97E007C6B6D /* NSObject+ClassSegueName.swift */,
				F8E8684D20B1D1AF007C9182 /* Dictionary+Merge.swift */,
			);
			path = Extensions;
			sourceTree = "<group>";
		};
/* End PBXGroup section */

/* Begin PBXNativeTarget section */
		F897360020ACD1E700DFD4B2 /* Shoferaga */ = {
			isa = PBXNativeTarget;
			buildConfigurationList = F897361E20ACD1E800DFD4B2 /* Build configuration list for PBXNativeTarget "Shoferaga" */;
			buildPhases = (
				158ED5D69EF7DA28FD75BCBC /* [CP] Check Pods Manifest.lock */,
				F89735FD20ACD1E700DFD4B2 /* Sources */,
				F89735FE20ACD1E700DFD4B2 /* Frameworks */,
				F89735FF20ACD1E700DFD4B2 /* Resources */,
				D772FDD83DE81FB2ACB93584 /* [CP] Embed Pods Frameworks */,
			);
			buildRules = (
			);
			dependencies = (
			);
			name = Shoferaga;
			productName = Shoferaga;
			productReference = F897360120ACD1E700DFD4B2 /* Shoferaga.app */;
			productType = "com.apple.product-type.application";
		};
		F897361420ACD1E800DFD4B2 /* ShoferagaTests */ = {
			isa = PBXNativeTarget;
			buildConfigurationList = F897362120ACD1E800DFD4B2 /* Build configuration list for PBXNativeTarget "ShoferagaTests" */;
			buildPhases = (
				E1EA1C07048A93B2B23D8486 /* [CP] Check Pods Manifest.lock */,
				F897361120ACD1E800DFD4B2 /* Sources */,
				F897361220ACD1E800DFD4B2 /* Frameworks */,
				F897361320ACD1E800DFD4B2 /* Resources */,
			);
			buildRules = (
			);
			dependencies = (
				F897361720ACD1E800DFD4B2 /* PBXTargetDependency */,
			);
			name = ShoferagaTests;
			productName = ShoferagaTests;
			productReference = F897361520ACD1E800DFD4B2 /* ShoferagaTests.xctest */;
			productType = "com.apple.product-type.bundle.unit-test";
		};
/* End PBXNativeTarget section */

/* Begin PBXProject section */
		F89735F920ACD1E700DFD4B2 /* Project object */ = {
			isa = PBXProject;
			attributes = {
				LastSwiftUpdateCheck = 0930;
				LastUpgradeCheck = 0930;
				ORGANIZATIONNAME = "Gentian Barileva";
				TargetAttributes = {
					F897360020ACD1E700DFD4B2 = {
						CreatedOnToolsVersion = 9.3.1;
					};
					F897361420ACD1E800DFD4B2 = {
						CreatedOnToolsVersion = 9.3.1;
						TestTargetID = F897360020ACD1E700DFD4B2;
					};
				};
			};
			buildConfigurationList = F89735FC20ACD1E700DFD4B2 /* Build configuration list for PBXProject "Shoferaga" */;
			compatibilityVersion = "Xcode 9.3";
			developmentRegion = en;
			hasScannedForEncodings = 0;
			knownRegions = (
				en,
				Base,
			);
			mainGroup = F89735F820ACD1E700DFD4B2;
			productRefGroup = F897360220ACD1E700DFD4B2 /* Products */;
			projectDirPath = "";
			projectRoot = "";
			targets = (
				F897360020ACD1E700DFD4B2 /* Shoferaga */,
				F897361420ACD1E800DFD4B2 /* ShoferagaTests */,
			);
		};
/* End PBXProject section */

/* Begin PBXResourcesBuildPhase section */
		F89735FF20ACD1E700DFD4B2 /* Resources */ = {
			isa = PBXResourcesBuildPhase;
			buildActionMask = 2147483647;
			files = (
				F8435AA920AF927300C51EBC /* GoogleService-Info.plist in Resources */,
				F897360F20ACD1E800DFD4B2 /* LaunchScreen.storyboard in Resources */,
				F897360C20ACD1E800DFD4B2 /* Assets.xcassets in Resources */,
				F897360A20ACD1E800DFD4B2 /* Main.storyboard in Resources */,
			);
			runOnlyForDeploymentPostprocessing = 0;
		};
		F897361320ACD1E800DFD4B2 /* Resources */ = {
			isa = PBXResourcesBuildPhase;
			buildActionMask = 2147483647;
			files = (
			);
			runOnlyForDeploymentPostprocessing = 0;
		};
/* End PBXResourcesBuildPhase section */

/* Begin PBXShellScriptBuildPhase section */
		158ED5D69EF7DA28FD75BCBC /* [CP] Check Pods Manifest.lock */ = {
			isa = PBXShellScriptBuildPhase;
			buildActionMask = 2147483647;
			files = (
			);
			inputPaths = (
				"${PODS_PODFILE_DIR_PATH}/Podfile.lock",
				"${PODS_ROOT}/Manifest.lock",
			);
			name = "[CP] Check Pods Manifest.lock";
			outputPaths = (
				"$(DERIVED_FILE_DIR)/Pods-Shoferaga-checkManifestLockResult.txt",
			);
			runOnlyForDeploymentPostprocessing = 0;
			shellPath = /bin/sh;
			shellScript = "diff \"${PODS_PODFILE_DIR_PATH}/Podfile.lock\" \"${PODS_ROOT}/Manifest.lock\" > /dev/null\nif [ $? != 0 ] ; then\n    # print error to STDERR\n    echo \"error: The sandbox is not in sync with the Podfile.lock. Run 'pod install' or update your CocoaPods installation.\" >&2\n    exit 1\nfi\n# This output is used by Xcode 'outputs' to avoid re-running this script phase.\necho \"SUCCESS\" > \"${SCRIPT_OUTPUT_FILE_0}\"\n";
			showEnvVarsInLog = 0;
		};
		D772FDD83DE81FB2ACB93584 /* [CP] Embed Pods Frameworks */ = {
			isa = PBXShellScriptBuildPhase;
			buildActionMask = 2147483647;
			files = (
			);
			inputPaths = (
				"${SRCROOT}/Pods/Target Support Files/Pods-Shoferaga/Pods-Shoferaga-frameworks.sh",
				"${BUILT_PRODUCTS_DIR}/GTMSessionFetcher/GTMSessionFetcher.framework",
				"${BUILT_PRODUCTS_DIR}/GoogleToolboxForMac/GoogleToolboxForMac.framework",
				"${BUILT_PRODUCTS_DIR}/SVProgressHUD/SVProgressHUD.framework",
				"${BUILT_PRODUCTS_DIR}/leveldb-library/leveldb.framework",
				"${BUILT_PRODUCTS_DIR}/nanopb/nanopb.framework",
			);
			name = "[CP] Embed Pods Frameworks";
			outputPaths = (
				"${TARGET_BUILD_DIR}/${FRAMEWORKS_FOLDER_PATH}/GTMSessionFetcher.framework",
				"${TARGET_BUILD_DIR}/${FRAMEWORKS_FOLDER_PATH}/GoogleToolboxForMac.framework",
				"${TARGET_BUILD_DIR}/${FRAMEWORKS_FOLDER_PATH}/SVProgressHUD.framework",
				"${TARGET_BUILD_DIR}/${FRAMEWORKS_FOLDER_PATH}/leveldb.framework",
				"${TARGET_BUILD_DIR}/${FRAMEWORKS_FOLDER_PATH}/nanopb.framework",
			);
			runOnlyForDeploymentPostprocessing = 0;
			shellPath = /bin/sh;
			shellScript = "\"${SRCROOT}/Pods/Target Support Files/Pods-Shoferaga/Pods-Shoferaga-frameworks.sh\"\n";
			showEnvVarsInLog = 0;
		};
		E1EA1C07048A93B2B23D8486 /* [CP] Check Pods Manifest.lock */ = {
			isa = PBXShellScriptBuildPhase;
			buildActionMask = 2147483647;
			files = (
			);
			inputPaths = (
				"${PODS_PODFILE_DIR_PATH}/Podfile.lock",
				"${PODS_ROOT}/Manifest.lock",
			);
			name = "[CP] Check Pods Manifest.lock";
			outputPaths = (
				"$(DERIVED_FILE_DIR)/Pods-ShoferagaTests-checkManifestLockResult.txt",
			);
			runOnlyForDeploymentPostprocessing = 0;
			shellPath = /bin/sh;
			shellScript = "diff \"${PODS_PODFILE_DIR_PATH}/Podfile.lock\" \"${PODS_ROOT}/Manifest.lock\" > /dev/null\nif [ $? != 0 ] ; then\n    # print error to STDERR\n    echo \"error: The sandbox is not in sync with the Podfile.lock. Run 'pod install' or update your CocoaPods installation.\" >&2\n    exit 1\nfi\n# This output is used by Xcode 'outputs' to avoid re-running this script phase.\necho \"SUCCESS\" > \"${SCRIPT_OUTPUT_FILE_0}\"\n";
			showEnvVarsInLog = 0;
		};
/* End PBXShellScriptBuildPhase section */

/* Begin PBXSourcesBuildPhase section */
		F89735FD20ACD1E700DFD4B2 /* Sources */ = {
			isa = PBXSourcesBuildPhase;
			buildActionMask = 2147483647;
			files = (
				F897360720ACD1E800DFD4B2 /* SHMainViewController.swift in Sources */,
				F89013D020B035450018BE3F /* Udhetare.swift in Sources */,
				F811456220B0599E00F6AFCA /* SHTaksistWorkViewController.swift in Sources */,
				F80A004020ACED4300231F2B /* AvatarImageView.swift in Sources */,
				F80A003B20ACD81000231F2B /* MainLogInButtonsView.swift in Sources */,
				F8E771ED20AE185B0037D247 /* SHAnnotation.swift in Sources */,
				F80A004420ACF0FA00231F2B /* SHRegisterTaksistViewController.swift in Sources */,
				F897360520ACD1E800DFD4B2 /* AppDelegate.swift in Sources */,
				F811456420B063B300F6AFCA /* UdhetareSimpleList.swift in Sources */,
				F8E8684E20B1D1AF007C9182 /* Dictionary+Merge.swift in Sources */,
				F8E771EB20AE10460037D247 /* SHTaksistListViewController.swift in Sources */,
				F80A003E20ACE91200231F2B /* SHWhatTypeOfUserViewController.swift in Sources */,
				F80A004220ACF0DB00231F2B /* SHRegisterUdhetareViewController.swift in Sources */,
				F8D30ABD20ADF97E007C6B6D /* NSObject+ClassSegueName.swift in Sources */,
				F8E771E720AE0F320037D247 /* SHLogInViewController.swift in Sources */,
				F8E771E920AE0FA50037D247 /* SHUdhetareViewController.swift in Sources */,
				F811456720B0655A00F6AFCA /* UdhetareListCell.swift in Sources */,
			);
			runOnlyForDeploymentPostprocessing = 0;
		};
		F897361120ACD1E800DFD4B2 /* Sources */ = {
			isa = PBXSourcesBuildPhase;
			buildActionMask = 2147483647;
			files = (
				F897361A20ACD1E800DFD4B2 /* ShoferagaTests.swift in Sources */,
			);
			runOnlyForDeploymentPostprocessing = 0;
		};
/* End PBXSourcesBuildPhase section */

/* Begin PBXTargetDependency section */
		F897361720ACD1E800DFD4B2 /* PBXTargetDependency */ = {
			isa = PBXTargetDependency;
			target = F897360020ACD1E700DFD4B2 /* Shoferaga */;
			targetProxy = F897361620ACD1E800DFD4B2 /* PBXContainerItemProxy */;
		};
/* End PBXTargetDependency section */

/* Begin PBXVariantGroup section */
		F897360820ACD1E800DFD4B2 /* Main.storyboard */ = {
			isa = PBXVariantGroup;
			children = (
				F897360920ACD1E800DFD4B2 /* Base */,
			);
			name = Main.storyboard;
			sourceTree = "<group>";
		};
		F897360D20ACD1E800DFD4B2 /* LaunchScreen.storyboard */ = {
			isa = PBXVariantGroup;
			children = (
				F897360E20ACD1E800DFD4B2 /* Base */,
			);
			name = LaunchScreen.storyboard;
			sourceTree = "<group>";
		};
/* End PBXVariantGroup section */

/* Begin XCBuildConfiguration section */
		F897361C20ACD1E800DFD4B2 /* Debug */ = {
			isa = XCBuildConfiguration;
			buildSettings = {
				ALWAYS_SEARCH_USER_PATHS = NO;
				CLANG_ANALYZER_NONNULL = YES;
				CLANG_ANALYZER_NUMBER_OBJECT_CONVERSION = YES_AGGRESSIVE;
				CLANG_CXX_LANGUAGE_STANDARD = "gnu++14";
				CLANG_CXX_LIBRARY = "libc++";
				CLANG_ENABLE_MODULES = YES;
				CLANG_ENABLE_OBJC_ARC = YES;
				CLANG_ENABLE_OBJC_WEAK = YES;
				CLANG_WARN_BLOCK_CAPTURE_AUTORELEASING = YES;
				CLANG_WARN_BOOL_CONVERSION = YES;
				CLANG_WARN_COMMA = YES;
				CLANG_WARN_CONSTANT_CONVERSION = YES;
				CLANG_WARN_DEPRECATED_OBJC_IMPLEMENTATIONS = YES;
				CLANG_WARN_DIRECT_OBJC_ISA_USAGE = YES_ERROR;
				CLANG_WARN_DOCUMENTATION_COMMENTS = YES;
				CLANG_WARN_EMPTY_BODY = YES;
				CLANG_WARN_ENUM_CONVERSION = YES;
				CLANG_WARN_INFINITE_RECURSION = YES;
				CLANG_WARN_INT_CONVERSION = YES;
				CLANG_WARN_NON_LITERAL_NULL_CONVERSION = YES;
				CLANG_WARN_OBJC_IMPLICIT_RETAIN_SELF = YES;
				CLANG_WARN_OBJC_LITERAL_CONVERSION = YES;
				CLANG_WARN_OBJC_ROOT_CLASS = YES_ERROR;
				CLANG_WARN_RANGE_LOOP_ANALYSIS = YES;
				CLANG_WARN_STRICT_PROTOTYPES = YES;
				CLANG_WARN_SUSPICIOUS_MOVE = YES;
				CLANG_WARN_UNGUARDED_AVAILABILITY = YES_AGGRESSIVE;
				CLANG_WARN_UNREACHABLE_CODE = YES;
				CLANG_WARN__DUPLICATE_METHOD_MATCH = YES;
				CODE_SIGN_IDENTITY = "iPhone Developer";
				COPY_PHASE_STRIP = NO;
				DEBUG_INFORMATION_FORMAT = dwarf;
				ENABLE_STRICT_OBJC_MSGSEND = YES;
				ENABLE_TESTABILITY = YES;
				GCC_C_LANGUAGE_STANDARD = gnu11;
				GCC_DYNAMIC_NO_PIC = NO;
				GCC_NO_COMMON_BLOCKS = YES;
				GCC_OPTIMIZATION_LEVEL = 0;
				GCC_PREPROCESSOR_DEFINITIONS = (
					"DEBUG=1",
					"$(inherited)",
				);
				GCC_WARN_64_TO_32_BIT_CONVERSION = YES;
				GCC_WARN_ABOUT_RETURN_TYPE = YES_ERROR;
				GCC_WARN_UNDECLARED_SELECTOR = YES;
				GCC_WARN_UNINITIALIZED_AUTOS = YES_AGGRESSIVE;
				GCC_WARN_UNUSED_FUNCTION = YES;
				GCC_WARN_UNUSED_VARIABLE = YES;
				IPHONEOS_DEPLOYMENT_TARGET = 11.3;
				MTL_ENABLE_DEBUG_INFO = YES;
				ONLY_ACTIVE_ARCH = YES;
				SDKROOT = iphoneos;
				SWIFT_ACTIVE_COMPILATION_CONDITIONS = DEBUG;
				SWIFT_OPTIMIZATION_LEVEL = "-Onone";
			};
			name = Debug;
		};
		F897361D20ACD1E800DFD4B2 /* Release */ = {
			isa = XCBuildConfiguration;
			buildSettings = {
				ALWAYS_SEARCH_USER_PATHS = NO;
				CLANG_ANALYZER_NONNULL = YES;
				CLANG_ANALYZER_NUMBER_OBJECT_CONVERSION = YES_AGGRESSIVE;
				CLANG_CXX_LANGUAGE_STANDARD = "gnu++14";
				CLANG_CXX_LIBRARY = "libc++";
				CLANG_ENABLE_MODULES = YES;
				CLANG_ENABLE_OBJC_ARC = YES;
				CLANG_ENABLE_OBJC_WEAK = YES;
				CLANG_WARN_BLOCK_CAPTURE_AUTORELEASING = YES;
				CLANG_WARN_BOOL_CONVERSION = YES;
				CLANG_WARN_COMMA = YES;
				CLANG_WARN_CONSTANT_CONVERSION = YES;
				CLANG_WARN_DEPRECATED_OBJC_IMPLEMENTATIONS = YES;
				CLANG_WARN_DIRECT_OBJC_ISA_USAGE = YES_ERROR;
				CLANG_WARN_DOCUMENTATION_COMMENTS = YES;
				CLANG_WARN_EMPTY_BODY = YES;
				CLANG_WARN_ENUM_CONVERSION = YES;
				CLANG_WARN_INFINITE_RECURSION = YES;
				CLANG_WARN_INT_CONVERSION = YES;
				CLANG_WARN_NON_LITERAL_NULL_CONVERSION = YES;
				CLANG_WARN_OBJC_IMPLICIT_RETAIN_SELF = YES;
				CLANG_WARN_OBJC_LITERAL_CONVERSION = YES;
				CLANG_WARN_OBJC_ROOT_CLASS = YES_ERROR;
				CLANG_WARN_RANGE_LOOP_ANALYSIS = YES;
				CLANG_WARN_STRICT_PROTOTYPES = YES;
				CLANG_WARN_SUSPICIOUS_MOVE = YES;
				CLANG_WARN_UNGUARDED_AVAILABILITY = YES_AGGRESSIVE;
				CLANG_WARN_UNREACHABLE_CODE = YES;
				CLANG_WARN__DUPLICATE_METHOD_MATCH = YES;
				CODE_SIGN_IDENTITY = "iPhone Developer";
				COPY_PHASE_STRIP = NO;
				DEBUG_INFORMATION_FORMAT = "dwarf-with-dsym";
				ENABLE_NS_ASSERTIONS = NO;
				ENABLE_STRICT_OBJC_MSGSEND = YES;
				GCC_C_LANGUAGE_STANDARD = gnu11;
				GCC_NO_COMMON_BLOCKS = YES;
				GCC_WARN_64_TO_32_BIT_CONVERSION = YES;
				GCC_WARN_ABOUT_RETURN_TYPE = YES_ERROR;
				GCC_WARN_UNDECLARED_SELECTOR = YES;
				GCC_WARN_UNINITIALIZED_AUTOS = YES_AGGRESSIVE;
				GCC_WARN_UNUSED_FUNCTION = YES;
				GCC_WARN_UNUSED_VARIABLE = YES;
				IPHONEOS_DEPLOYMENT_TARGET = 11.3;
				MTL_ENABLE_DEBUG_INFO = NO;
				SDKROOT = iphoneos;
				SWIFT_COMPILATION_MODE = wholemodule;
				SWIFT_OPTIMIZATION_LEVEL = "-O";
				VALIDATE_PRODUCT = YES;
			};
			name = Release;
		};
		F897361F20ACD1E800DFD4B2 /* Debug */ = {
			isa = XCBuildConfiguration;
			baseConfigurationReference = 37908AC225DCA8C5C3C81180 /* Pods-Shoferaga.debug.xcconfig */;
			buildSettings = {
				ASSETCATALOG_COMPILER_APPICON_NAME = AppIcon;
				CODE_SIGN_STYLE = Automatic;
				DEVELOPMENT_TEAM = YQP86PXBQJ;
				INFOPLIST_FILE = Shoferaga/Info.plist;
				LD_RUNPATH_SEARCH_PATHS = (
					"$(inherited)",
					"@executable_path/Frameworks",
				);
				PRODUCT_BUNDLE_IDENTIFIER = com.barileva.Shoferaga;
				PRODUCT_NAME = "$(TARGET_NAME)";
				SWIFT_VERSION = 4.0;
				TARGETED_DEVICE_FAMILY = "1,2";
			};
			name = Debug;
		};
		F897362020ACD1E800DFD4B2 /* Release */ = {
			isa = XCBuildConfiguration;
			baseConfigurationReference = 2F6E63EA5B8445C49FF270CA /* Pods-Shoferaga.release.xcconfig */;
			buildSettings = {
				ASSETCATALOG_COMPILER_APPICON_NAME = AppIcon;
				CODE_SIGN_STYLE = Automatic;
				DEVELOPMENT_TEAM = YQP86PXBQJ;
				INFOPLIST_FILE = Shoferaga/Info.plist;
				LD_RUNPATH_SEARCH_PATHS = (
					"$(inherited)",
					"@executable_path/Frameworks",
				);
				PRODUCT_BUNDLE_IDENTIFIER = com.barileva.Shoferaga;
				PRODUCT_NAME = "$(TARGET_NAME)";
				SWIFT_VERSION = 4.0;
				TARGETED_DEVICE_FAMILY = "1,2";
			};
			name = Release;
		};
		F897362220ACD1E800DFD4B2 /* Debug */ = {
			isa = XCBuildConfiguration;
			baseConfigurationReference = 2C771E0C52DB01EF1C349F6E /* Pods-ShoferagaTests.debug.xcconfig */;
			buildSettings = {
				ALWAYS_EMBED_SWIFT_STANDARD_LIBRARIES = YES;
				BUNDLE_LOADER = "$(TEST_HOST)";
				CODE_SIGN_STYLE = Automatic;
				DEVELOPMENT_TEAM = YQP86PXBQJ;
				INFOPLIST_FILE = ShoferagaTests/Info.plist;
				LD_RUNPATH_SEARCH_PATHS = (
					"$(inherited)",
					"@executable_path/Frameworks",
					"@loader_path/Frameworks",
				);
				PRODUCT_BUNDLE_IDENTIFIER = com.barileva.ShoferagaTests;
				PRODUCT_NAME = "$(TARGET_NAME)";
				SWIFT_VERSION = 4.0;
				TARGETED_DEVICE_FAMILY = "1,2";
				TEST_HOST = "$(BUILT_PRODUCTS_DIR)/Shoferaga.app/Shoferaga";
			};
			name = Debug;
		};
		F897362320ACD1E800DFD4B2 /* Release */ = {
			isa = XCBuildConfiguration;
			baseConfigurationReference = 89F40F733EDA1FFF0498180A /* Pods-ShoferagaTests.release.xcconfig */;
			buildSettings = {
				ALWAYS_EMBED_SWIFT_STANDARD_LIBRARIES = YES;
				BUNDLE_LOADER = "$(TEST_HOST)";
				CODE_SIGN_STYLE = Automatic;
				DEVELOPMENT_TEAM = YQP86PXBQJ;
				INFOPLIST_FILE = ShoferagaTests/Info.plist;
				LD_RUNPATH_SEARCH_PATHS = (
					"$(inherited)",
					"@executable_path/Frameworks",
					"@loader_path/Frameworks",
				);
				PRODUCT_BUNDLE_IDENTIFIER = com.barileva.ShoferagaTests;
				PRODUCT_NAME = "$(TARGET_NAME)";
				SWIFT_VERSION = 4.0;
				TARGETED_DEVICE_FAMILY = "1,2";
				TEST_HOST = "$(BUILT_PRODUCTS_DIR)/Shoferaga.app/Shoferaga";
			};
			name = Release;
		};
/* End XCBuildConfiguration section */

/* Begin XCConfigurationList section */
		F89735FC20ACD1E700DFD4B2 /* Build configuration list for PBXProject "Shoferaga" */ = {
			isa = XCConfigurationList;
			buildConfigurations = (
				F897361C20ACD1E800DFD4B2 /* Debug */,
				F897361D20ACD1E800DFD4B2 /* Release */,
			);
			defaultConfigurationIsVisible = 0;
			defaultConfigurationName = Release;
		};
		F897361E20ACD1E800DFD4B2 /* Build configuration list for PBXNativeTarget "Shoferaga" */ = {
			isa = XCConfigurationList;
			buildConfigurations = (
				F897361F20ACD1E800DFD4B2 /* Debug */,
				F897362020ACD1E800DFD4B2 /* Release */,
			);
			defaultConfigurationIsVisible = 0;
			defaultConfigurationName = Release;
		};
		F897362120ACD1E800DFD4B2 /* Build configuration list for PBXNativeTarget "ShoferagaTests" */ = {
			isa = XCConfigurationList;
			buildConfigurations = (
				F897362220ACD1E800DFD4B2 /* Debug */,
				F897362320ACD1E800DFD4B2 /* Release */,
			);
			defaultConfigurationIsVisible = 0;
			defaultConfigurationName = Release;
		};
/* End XCConfigurationList section */
	};
	rootObject = F89735F920ACD1E700DFD4B2 /* Project object */;
}
